
Microsoft Visual Studio Solution File, Format Version 12.00
# Visual Studio Version 17
VisualStudioVersion = 17.8.34525.116
MinimumVisualStudioVersion = 10.0.40219.1
Project("{FAE04EC0-301F-11D3-BF4B-00C04F79EFBC}") = "Pri.VueStart.Web", "Pri.VueStart.Web\Pri.VueStart.Web.csproj", "{B265FF7C-6697-46E3-9FC6-F92FBE69D9C3}"
EndProject
Global
	GlobalSection(SolutionConfigurationPlatforms) = preSolution
		Debug|Any CPU = Debug|Any CPU
		Release|Any CPU = Release|Any CPU
	EndGlobalSection
	GlobalSection(ProjectConfigurationPlatforms) = postSolution
		{B265FF7C-6697-46E3-9FC6-F92FBE69D9C3}.Debug|Any CPU.ActiveCfg = Debug|Any CPU
		{B265FF7C-6697-46E3-9FC6-F92FBE69D9C3}.Debug|Any CPU.Build.0 = Debug|Any CPU
		{B265FF7C-6697-46E3-9FC6-F92FBE69D9C3}.Release|Any CPU.ActiveCfg = Release|Any CPU
		{B265FF7C-6697-46E3-9FC6-F92FBE69D9C3}.Release|Any CPU.Build.0 = Release|Any CPU
	EndGlobalSection
	GlobalSection(SolutionProperties) = preSolution
		HideSolutionNode = FALSE
	EndGlobalSection
	GlobalSection(ExtensibilityGlobals) = postSolution
		SolutionGuid = {11205826-9003-4ACB-ABDB-3841B70E8920}
	EndGlobalSection
EndGlobal
